
Microsoft Visual Studio Solution File, Format Version 12.00
# Visual Studio Version 17
VisualStudioVersion = 17.7.34202.233
MinimumVisualStudioVersion = 10.0.40219.1
Project("{9A19103F-16F7-4668-BE54-9A1E7A4F7556}") = "MultiplicationTable", "Tabel\MultiplicationTable.csproj", "{77C6EE5F-AB4C-427D-8D1B-0B4E2DF081B2}"
EndProject
Global
	GlobalSection(SolutionConfigurationPlatforms) = preSolution
		Debug|Any CPU = Debug|Any CPU
		Release|Any CPU = Release|Any CPU
	EndGlobalSection
	GlobalSection(ProjectConfigurationPlatforms) = postSolution
		{77C6EE5F-AB4C-427D-8D1B-0B4E2DF081B2}.Debug|Any CPU.ActiveCfg = Debug|Any CPU
		{77C6EE5F-AB4C-427D-8D1B-0B4E2DF081B2}.Debug|Any CPU.Build.0 = Debug|Any CPU
		{77C6EE5F-AB4C-427D-8D1B-0B4E2DF081B2}.Release|Any CPU.ActiveCfg = Release|Any CPU
		{77C6EE5F-AB4C-427D-8D1B-0B4E2DF081B2}.Release|Any CPU.Build.0 = Release|Any CPU
	EndGlobalSection
	GlobalSection(SolutionProperties) = preSolution
		HideSolutionNode = FALSE
	EndGlobalSection
	GlobalSection(ExtensibilityGlobals) = postSolution
		SolutionGuid = {F613266C-22E7-4E2B-BE0C-941685809390}
	EndGlobalSection
EndGlobal
